// !$*UTF8*$!
{
	archiveVersion = 1;
	classes = {
	};
	objectVersion = 77;
	objects = {

/* Begin PBXBuildFile section */
		BE059AD72F0EB06700A609D5 /* Readme.md in Resources */ = {isa = PBXBuildFile; fileRef = BE059AD62F0EB05F00A609D5 /* Readme.md */; };
		BECD93332F0FBB2800462C35 /* FirebaseAnalytics in Frameworks */ = {isa = PBXBuildFile; productRef = BECD93322F0FBB2800462C35 /* FirebaseAnalytics */; };
		BECD93352F0FBB2800462C35 /* FirebaseCrashlytics in Frameworks */ = {isa = PBXBuildFile; productRef = BECD93342F0FBB2800462C35 /* FirebaseCrashlytics */; };
		BECD93372F0FBB2800462C35 /* FirebaseMessaging in Frameworks */ = {isa = PBXBuildFile; productRef = BECD93362F0FBB2800462C35 /* FirebaseMessaging */; };
		BECD933A2F0FBC3600462C35 /* FacebookCore in Frameworks */ = {isa = PBXBuildFile; productRef = BECD93392F0FBC3600462C35 /* FacebookCore */; };
		BECD933D2F0FC35300462C35 /* Apollo in Frameworks */ = {isa = PBXBuildFile; productRef = BECD933C2F0FC35300462C35 /* Apollo */; };
		BECD933F2F0FC35300462C35 /* ApolloSQLite in Frameworks */ = {isa = PBXBuildFile; productRef = BECD933E2F0FC35300462C35 /* ApolloSQLite */; };
		BECD93422F0FCE4B00462C35 /* MapboxDirections in Frameworks */ = {isa = PBXBuildFile; productRef = BECD93412F0FCE4B00462C35 /* MapboxDirections */; };
		BECD93442F0FCE4B00462C35 /* MapboxNavigationCore in Frameworks */ = {isa = PBXBuildFile; productRef = BECD93432F0FCE4B00462C35 /* MapboxNavigationCore */; };
		BECD93462F0FCE4B00462C35 /* MapboxNavigationUIKit in Frameworks */ = {isa = PBXBuildFile; productRef = BECD93452F0FCE4B00462C35 /* MapboxNavigationUIKit */; };
		BECD93482F0FCE4B00462C35 /* _MapboxNavigationLocalization in Frameworks */ = {isa = PBXBuildFile; productRef = BECD93472F0FCE4B00462C35 /* _MapboxNavigationLocalization */; };
		BECD934F2F0FECE500462C35 /* FirebaseRemoteConfig in Frameworks */ = {isa = PBXBuildFile; productRef = BECD934E2F0FECE500462C35 /* FirebaseRemoteConfig */; };
		BEFDABA72F1A3C0F006972D4 /* ApolloWebSocket in Frameworks */ = {isa = PBXBuildFile; productRef = BEFDABA62F1A3C0F006972D4 /* ApolloWebSocket */; };
/* End PBXBuildFile section */

/* Begin PBXContainerItemProxy section */
		BE059AA92F0EA7F400A609D5 /* PBXContainerItemProxy */ = {
			isa = PBXContainerItemProxy;
			containerPortal = BE059A912F0EA7EF00A609D5 /* Project object */;
			proxyType = 1;
			remoteGlobalIDString = BE059A982F0EA7EF00A609D5;
			remoteInfo = Fielmedina;
		};
		BE059AB32F0EA7F400A609D5 /* PBXContainerItemProxy */ = {
			isa = PBXContainerItemProxy;
			containerPortal = BE059A912F0EA7EF00A609D5 /* Project object */;
			proxyType = 1;
			remoteGlobalIDString = BE059A982F0EA7EF00A609D5;
			remoteInfo = Fielmedina;
		};
/* End PBXContainerItemProxy section */

/* Begin PBXFileReference section */
		BE059A992F0EA7EF00A609D5 /* Fielmedina.app */ = {isa = PBXFileReference; explicitFileType = wrapper.application; includeInIndex = 0; path = Fielmedina.app; sourceTree = BUILT_PRODUCTS_DIR; };
		BE059AA82F0EA7F400A609D5 /* FielmedinaTests.xctest */ = {isa = PBXFileReference; explicitFileType = wrapper.cfbundle; includeInIndex = 0; path = FielmedinaTests.xctest; sourceTree = BUILT_PRODUCTS_DIR; };
		BE059AB22F0EA7F400A609D5 /* FielmedinaUITests.xctest */ = {isa = PBXFileReference; explicitFileType = wrapper.cfbundle; includeInIndex = 0; path = FielmedinaUITests.xctest; sourceTree = BUILT_PRODUCTS_DIR; };
		BE059AD62F0EB05F00A609D5 /* Readme.md */ = {isa = PBXFileReference; lastKnownFileType = net.daringfireball.markdown; path = Readme.md; sourceTree = "<group>"; };
		BE985BE22F11C47400FC6061 /* SousseLocation.gpx */ = {isa = PBXFileReference; lastKnownFileType = text.xml; name = SousseLocation.gpx; path = ../SousseLocation.gpx; sourceTree = "<group>"; };
		BEAE8E462F2432F5001BF86B /* MonastirLocation.gpx */ = {isa = PBXFileReference; lastKnownFileType = text.xml; name = MonastirLocation.gpx; path = ../MonastirLocation.gpx; sourceTree = "<group>"; };
		BED4AADE2F262E070015E510 /* TunisLocation.gpx */ = {isa = PBXFileReference; lastKnownFileType = text.xml; name = TunisLocation.gpx; path = ../TunisLocation.gpx; sourceTree = "<group>"; };
/* End PBXFileReference section */

/* Begin PBXFileSystemSynchronizedBuildFileExceptionSet section */
		BE059B402F0EBA2E00A609D5 /* Exceptions for "Fielmedina" folder in "Fielmedina" target */ = {
			isa = PBXFileSystemSynchronizedBuildFileExceptionSet;
			membershipExceptions = (
				Info.plist,
			);
			target = BE059A982F0EA7EF00A609D5 /* Fielmedina */;
		};
/* End PBXFileSystemSynchronizedBuildFileExceptionSet section */

/* Begin PBXFileSystemSynchronizedRootGroup section */
		BE059A9B2F0EA7EF00A609D5 /* Fielmedina */ = {
			isa = PBXFileSystemSynchronizedRootGroup;
			exceptions = (
				BE059B402F0EBA2E00A609D5 /* Exceptions for "Fielmedina" folder in "Fielmedina" target */,
			);
			path = Fielmedina;
			sourceTree = "<group>";
		};
		BE059AAB2F0EA7F400A609D5 /* FielmedinaTests */ = {
			isa = PBXFileSystemSynchronizedRootGroup;
			path = FielmedinaTests;
			sourceTree = "<group>";
		};
		BE059AB52F0EA7F400A609D5 /* FielmedinaUITests */ = {
			isa = PBXFileSystemSynchronizedRootGroup;
			path = FielmedinaUITests;
			sourceTree = "<group>";
		};
/* End PBXFileSystemSynchronizedRootGroup section */

/* Begin PBXFrameworksBuildPhase section */
		BE059A962F0EA7EF00A609D5 /* Frameworks */ = {
			isa = PBXFrameworksBuildPhase;
			buildActionMask = 2147483647;
			files = (
				BECD934F2F0FECE500462C35 /* FirebaseRemoteConfig in Frameworks */,
				BEFDABA72F1A3C0F006972D4 /* ApolloWebSocket in Frameworks */,
				BECD93482F0FCE4B00462C35 /* _MapboxNavigationLocalization in Frameworks */,
				BECD933D2F0FC35300462C35 /* Apollo in Frameworks */,
				BECD93422F0FCE4B00462C35 /* MapboxDirections in Frameworks */,
				BECD93372F0FBB2800462C35 /* FirebaseMessaging in Frameworks */,
				BECD93332F0FBB2800462C35 /* FirebaseAnalytics in Frameworks */,
				BECD93442F0FCE4B00462C35 /* MapboxNavigationCore in Frameworks */,
				BECD93352F0FBB2800462C35 /* FirebaseCrashlytics in Frameworks */,
				BECD93462F0FCE4B00462C35 /* MapboxNavigationUIKit in Frameworks */,
				BECD933A2F0FBC3600462C35 /* FacebookCore in Frameworks */,
				BECD933F2F0FC35300462C35 /* ApolloSQLite in Frameworks */,
			);
			runOnlyForDeploymentPostprocessing = 0;
		};
		BE059AA52F0EA7F400A609D5 /* Frameworks */ = {
			isa = PBXFrameworksBuildPhase;
			buildActionMask = 2147483647;
			files = (
			);
			runOnlyForDeploymentPostprocessing = 0;
		};
		BE059AAF2F0EA7F400A609D5 /* Frameworks */ = {
			isa = PBXFrameworksBuildPhase;
			buildActionMask = 2147483647;
			files = (
			);
			runOnlyForDeploymentPostprocessing = 0;
		};
/* End PBXFrameworksBuildPhase section */

/* Begin PBXGroup section */
		BE059A902F0EA7EF00A609D5 = {
			isa = PBXGroup;
			children = (
				BED4AADE2F262E070015E510 /* TunisLocation.gpx */,
				BEAE8E462F2432F5001BF86B /* MonastirLocation.gpx */,
				BE985BE22F11C47400FC6061 /* SousseLocation.gpx */,
				BE059AD62F0EB05F00A609D5 /* Readme.md */,
				BE059A9B2F0EA7EF00A609D5 /* Fielmedina */,
				BE059AAB2F0EA7F400A609D5 /* FielmedinaTests */,
				BE059AB52F0EA7F400A609D5 /* FielmedinaUITests */,
				BECD934D2F0FECE500462C35 /* Frameworks */,
				BE059A9A2F0EA7EF00A609D5 /* Products */,
			);
			sourceTree = "<group>";
		};
		BE059A9A2F0EA7EF00A609D5 /* Products */ = {
			isa = PBXGroup;
			children = (
				BE059A992F0EA7EF00A609D5 /* Fielmedina.app */,
				BE059AA82F0EA7F400A609D5 /* FielmedinaTests.xctest */,
				BE059AB22F0EA7F400A609D5 /* FielmedinaUITests.xctest */,
			);
			name = Products;
			sourceTree = "<group>";
		};
		BECD934D2F0FECE500462C35 /* Frameworks */ = {
			isa = PBXGroup;
			children = (
			);
			name = Frameworks;
			sourceTree = "<group>";
		};
/* End PBXGroup section */

/* Begin PBXNativeTarget section */
		BE059A982F0EA7EF00A609D5 /* Fielmedina */ = {
			isa = PBXNativeTarget;
			buildConfigurationList = BE059ABC2F0EA7F400A609D5 /* Build configuration list for PBXNativeTarget "Fielmedina" */;
			buildPhases = (
				BE059A952F0EA7EF00A609D5 /* Sources */,
				BE059A962F0EA7EF00A609D5 /* Frameworks */,
				BE059A972F0EA7EF00A609D5 /* Resources */,
			);
			buildRules = (
			);
			dependencies = (
			);
			fileSystemSynchronizedGroups = (
				BE059A9B2F0EA7EF00A609D5 /* Fielmedina */,
			);
			name = Fielmedina;
			packageProductDependencies = (
				BECD93322F0FBB2800462C35 /* FirebaseAnalytics */,
				BECD93342F0FBB2800462C35 /* FirebaseCrashlytics */,
				BECD93362F0FBB2800462C35 /* FirebaseMessaging */,
				BECD93392F0FBC3600462C35 /* FacebookCore */,
				BECD933C2F0FC35300462C35 /* Apollo */,
				BECD933E2F0FC35300462C35 /* ApolloSQLite */,
				BECD93412F0FCE4B00462C35 /* MapboxDirections */,
				BECD93432F0FCE4B00462C35 /* MapboxNavigationCore */,
				BECD93452F0FCE4B00462C35 /* MapboxNavigationUIKit */,
				BECD93472F0FCE4B00462C35 /* _MapboxNavigationLocalization */,
				BECD934E2F0FECE500462C35 /* FirebaseRemoteConfig */,
				BEFDABA62F1A3C0F006972D4 /* ApolloWebSocket */,
			);
			productName = Fielmedina;
			productReference = BE059A992F0EA7EF00A609D5 /* Fielmedina.app */;
			productType = "com.apple.product-type.application";
		};
		BE059AA72F0EA7F400A609D5 /* FielmedinaTests */ = {
			isa = PBXNativeTarget;
			buildConfigurationList = BE059ABF2F0EA7F400A609D5 /* Build configuration list for PBXNativeTarget "FielmedinaTests" */;
			buildPhases = (
				BE059AA42F0EA7F400A609D5 /* Sources */,
				BE059AA52F0EA7F400A609D5 /* Frameworks */,
				BE059AA62F0EA7F400A609D5 /* Resources */,
			);
			buildRules = (
			);
			dependencies = (
				BE059AAA2F0EA7F400A609D5 /* PBXTargetDependency */,
			);
			fileSystemSynchronizedGroups = (
				BE059AAB2F0EA7F400A609D5 /* FielmedinaTests */,
			);
			name = FielmedinaTests;
			packageProductDependencies = (
			);
			productName = FielmedinaTests;
			productReference = BE059AA82F0EA7F400A609D5 /* FielmedinaTests.xctest */;
			productType = "com.apple.product-type.bundle.unit-test";
		};
		BE059AB12F0EA7F400A609D5 /* FielmedinaUITests */ = {
			isa = PBXNativeTarget;
			buildConfigurationList = BE059AC22F0EA7F400A609D5 /* Build configuration list for PBXNativeTarget "FielmedinaUITests" */;
			buildPhases = (
				BE059AAE2F0EA7F400A609D5 /* Sources */,
				BE059AAF2F0EA7F400A609D5 /* Frameworks */,
				BE059AB02F0EA7F400A609D5 /* Resources */,
			);
			buildRules = (
			);
			dependencies = (
				BE059AB42F0EA7F400A609D5 /* PBXTargetDependency */,
			);
			fileSystemSynchronizedGroups = (
				BE059AB52F0EA7F400A609D5 /* FielmedinaUITests */,
			);
			name = FielmedinaUITests;
			packageProductDependencies = (
			);
			productName = FielmedinaUITests;
			productReference = BE059AB22F0EA7F400A609D5 /* FielmedinaUITests.xctest */;
			productType = "com.apple.product-type.bundle.ui-testing";
		};
/* End PBXNativeTarget section */

/* Begin PBXProject section */
		BE059A912F0EA7EF00A609D5 /* Project object */ = {
			isa = PBXProject;
			attributes = {
				BuildIndependentTargetsInParallel = 1;
				LastSwiftUpdateCheck = 2620;
				LastUpgradeCheck = 2620;
				TargetAttributes = {
					BE059A982F0EA7EF00A609D5 = {
						CreatedOnToolsVersion = 26.2;
					};
					BE059AA72F0EA7F400A609D5 = {
						CreatedOnToolsVersion = 26.2;
						TestTargetID = BE059A982F0EA7EF00A609D5;
					};
					BE059AB12F0EA7F400A609D5 = {
						CreatedOnToolsVersion = 26.2;
						TestTargetID = BE059A982F0EA7EF00A609D5;
					};
				};
			};
			buildConfigurationList = BE059A942F0EA7EF00A609D5 /* Build configuration list for PBXProject "Fielmedina" */;
			developmentRegion = en;
			hasScannedForEncodings = 0;
			knownRegions = (
				en,
				Base,
				fr,
			);
			mainGroup = BE059A902F0EA7EF00A609D5;
			minimizedProjectReferenceProxies = 1;
			packageReferences = (
				BECD93312F0FBB2800462C35 /* XCRemoteSwiftPackageReference "firebase-ios-sdk" */,
				BECD93382F0FBC3600462C35 /* XCRemoteSwiftPackageReference "facebook-ios-sdk" */,
				BECD933B2F0FC35300462C35 /* XCRemoteSwiftPackageReference "apollo-ios" */,
				BECD93402F0FCE4B00462C35 /* XCRemoteSwiftPackageReference "mapbox-navigation-ios" */,
			);
			preferredProjectObjectVersion = 77;
			productRefGroup = BE059A9A2F0EA7EF00A609D5 /* Products */;
			projectDirPath = "";
			projectRoot = "";
			targets = (
				BE059A982F0EA7EF00A609D5 /* Fielmedina */,
				BE059AA72F0EA7F400A609D5 /* FielmedinaTests */,
				BE059AB12F0EA7F400A609D5 /* FielmedinaUITests */,
			);
		};
/* End PBXProject section */

/* Begin PBXResourcesBuildPhase section */
		BE059A972F0EA7EF00A609D5 /* Resources */ = {
			isa = PBXResourcesBuildPhase;
			buildActionMask = 2147483647;
			files = (
				BE059AD72F0EB06700A609D5 /* Readme.md in Resources */,
			);
			runOnlyForDeploymentPostprocessing = 0;
		};
		BE059AA62F0EA7F400A609D5 /* Resources */ = {
			isa = PBXResourcesBuildPhase;
			buildActionMask = 2147483647;
			files = (
			);
			runOnlyForDeploymentPostprocessing = 0;
		};
		BE059AB02F0EA7F400A609D5 /* Resources */ = {
			isa = PBXResourcesBuildPhase;
			buildActionMask = 2147483647;
			files = (
			);
			runOnlyForDeploymentPostprocessing = 0;
		};
/* End PBXResourcesBuildPhase section */

/* Begin PBXSourcesBuildPhase section */
		BE059A952F0EA7EF00A609D5 /* Sources */ = {
			isa = PBXSourcesBuildPhase;
			buildActionMask = 2147483647;
			files = (
			);
			runOnlyForDeploymentPostprocessing = 0;
		};
		BE059AA42F0EA7F400A609D5 /* Sources */ = {
			isa = PBXSourcesBuildPhase;
			buildActionMask = 2147483647;
			files = (
			);
			runOnlyForDeploymentPostprocessing = 0;
		};
		BE059AAE2F0EA7F400A609D5 /* Sources */ = {
			isa = PBXSourcesBuildPhase;
			buildActionMask = 2147483647;
			files = (
			);
			runOnlyForDeploymentPostprocessing = 0;
		};
/* End PBXSourcesBuildPhase section */

/* Begin PBXTargetDependency section */
		BE059AAA2F0EA7F400A609D5 /* PBXTargetDependency */ = {
			isa = PBXTargetDependency;
			target = BE059A982F0EA7EF00A609D5 /* Fielmedina */;
			targetProxy = BE059AA92F0EA7F400A609D5 /* PBXContainerItemProxy */;
		};
		BE059AB42F0EA7F400A609D5 /* PBXTargetDependency */ = {
			isa = PBXTargetDependency;
			target = BE059A982F0EA7EF00A609D5 /* Fielmedina */;
			targetProxy = BE059AB32F0EA7F400A609D5 /* PBXContainerItemProxy */;
		};
/* End PBXTargetDependency section */

/* Begin XCBuildConfiguration section */
		BE059ABA2F0EA7F400A609D5 /* Debug */ = {
			isa = XCBuildConfiguration;
			buildSettings = {
				ALWAYS_SEARCH_USER_PATHS = NO;
				ASSETCATALOG_COMPILER_GENERATE_SWIFT_ASSET_SYMBOL_EXTENSIONS = YES;
				CLANG_ANALYZER_LOCALIZABILITY_NONLOCALIZED = YES;
				CLANG_ANALYZER_NONNULL = YES;
				CLANG_ANALYZER_NUMBER_OBJECT_CONVERSION = YES_AGGRESSIVE;
				CLANG_CXX_LANGUAGE_STANDARD = "gnu++20";
				CLANG_ENABLE_MODULES = YES;
				CLANG_ENABLE_OBJC_ARC = YES;
				CLANG_ENABLE_OBJC_WEAK = YES;
				CLANG_WARN_BLOCK_CAPTURE_AUTORELEASING = YES;
				CLANG_WARN_BOOL_CONVERSION = YES;
				CLANG_WARN_COMMA = YES;
				CLANG_WARN_CONSTANT_CONVERSION = YES;
				CLANG_WARN_DEPRECATED_OBJC_IMPLEMENTATIONS = YES;
				CLANG_WARN_DIRECT_OBJC_ISA_USAGE = YES_ERROR;
				CLANG_WARN_DOCUMENTATION_COMMENTS = YES;
				CLANG_WARN_EMPTY_BODY = YES;
				CLANG_WARN_ENUM_CONVERSION = YES;
				CLANG_WARN_INFINITE_RECURSION = YES;
				CLANG_WARN_INT_CONVERSION = YES;
				CLANG_WARN_NON_LITERAL_NULL_CONVERSION = YES;
				CLANG_WARN_OBJC_IMPLICIT_RETAIN_SELF = YES;
				CLANG_WARN_OBJC_LITERAL_CONVERSION = YES;
				CLANG_WARN_OBJC_ROOT_CLASS = YES_ERROR;
				CLANG_WARN_QUOTED_INCLUDE_IN_FRAMEWORK_HEADER = YES;
				CLANG_WARN_RANGE_LOOP_ANALYSIS = YES;
				CLANG_WARN_STRICT_PROTOTYPES = YES;
				CLANG_WARN_SUSPICIOUS_MOVE = YES;
				CLANG_WARN_UNGUARDED_AVAILABILITY = YES_AGGRESSIVE;
				CLANG_WARN_UNREACHABLE_CODE = YES;
				CLANG_WARN__DUPLICATE_METHOD_MATCH = YES;
				COPY_PHASE_STRIP = NO;
				DEBUG_INFORMATION_FORMAT = dwarf;
				DEVELOPMENT_TEAM = MU83XD25F4;
				ENABLE_STRICT_OBJC_MSGSEND = YES;
				ENABLE_TESTABILITY = YES;
				ENABLE_USER_SCRIPT_SANDBOXING = YES;
				GCC_C_LANGUAGE_STANDARD = gnu17;
				GCC_DYNAMIC_NO_PIC = NO;
				GCC_NO_COMMON_BLOCKS = YES;
				GCC_OPTIMIZATION_LEVEL = 0;
				GCC_PREPROCESSOR_DEFINITIONS = (
					"DEBUG=1",
					"$(inherited)",
				);
				GCC_WARN_64_TO_32_BIT_CONVERSION = YES;
				GCC_WARN_ABOUT_RETURN_TYPE = YES_ERROR;
				GCC_WARN_UNDECLARED_SELECTOR = YES;
				GCC_WARN_UNINITIALIZED_AUTOS = YES_AGGRESSIVE;
				GCC_WARN_UNUSED_FUNCTION = YES;
				GCC_WARN_UNUSED_VARIABLE = YES;
				IPHONEOS_DEPLOYMENT_TARGET = 26.2;
				LOCALIZATION_PREFERS_STRING_CATALOGS = YES;
				MTL_ENABLE_DEBUG_INFO = INCLUDE_SOURCE;
				MTL_FAST_MATH = YES;
				ONLY_ACTIVE_ARCH = YES;
				SDKROOT = iphoneos;
				STRING_CATALOG_GENERATE_SYMBOLS = YES;
				SWIFT_ACTIVE_COMPILATION_CONDITIONS = "DEBUG $(inherited)";
				SWIFT_EMIT_LOC_STRINGS = YES;
				SWIFT_OPTIMIZATION_LEVEL = "-Onone";
			};
			name = Debug;
		};
		BE059ABB2F0EA7F400A609D5 /* Release */ = {
			isa = XCBuildConfiguration;
			buildSettings = {
				ALWAYS_SEARCH_USER_PATHS = NO;
				ASSETCATALOG_COMPILER_GENERATE_SWIFT_ASSET_SYMBOL_EXTENSIONS = YES;
				CLANG_ANALYZER_LOCALIZABILITY_NONLOCALIZED = YES;
				CLANG_ANALYZER_NONNULL = YES;
				CLANG_ANALYZER_NUMBER_OBJECT_CONVERSION = YES_AGGRESSIVE;
				CLANG_CXX_LANGUAGE_STANDARD = "gnu++20";
				CLANG_ENABLE_MODULES = YES;
				CLANG_ENABLE_OBJC_ARC = YES;
				CLANG_ENABLE_OBJC_WEAK = YES;
				CLANG_WARN_BLOCK_CAPTURE_AUTORELEASING = YES;
				CLANG_WARN_BOOL_CONVERSION = YES;
				CLANG_WARN_COMMA = YES;
				CLANG_WARN_CONSTANT_CONVERSION = YES;
				CLANG_WARN_DEPRECATED_OBJC_IMPLEMENTATIONS = YES;
				CLANG_WARN_DIRECT_OBJC_ISA_USAGE = YES_ERROR;
				CLANG_WARN_DOCUMENTATION_COMMENTS = YES;
				CLANG_WARN_EMPTY_BODY = YES;
				CLANG_WARN_ENUM_CONVERSION = YES;
				CLANG_WARN_INFINITE_RECURSION = YES;
				CLANG_WARN_INT_CONVERSION = YES;
				CLANG_WARN_NON_LITERAL_NULL_CONVERSION = YES;
				CLANG_WARN_OBJC_IMPLICIT_RETAIN_SELF = YES;
				CLANG_WARN_OBJC_LITERAL_CONVERSION = YES;
				CLANG_WARN_OBJC_ROOT_CLASS = YES_ERROR;
				CLANG_WARN_QUOTED_INCLUDE_IN_FRAMEWORK_HEADER = YES;
				CLANG_WARN_RANGE_LOOP_ANALYSIS = YES;
				CLANG_WARN_STRICT_PROTOTYPES = YES;
				CLANG_WARN_SUSPICIOUS_MOVE = YES;
				CLANG_WARN_UNGUARDED_AVAILABILITY = YES_AGGRESSIVE;
				CLANG_WARN_UNREACHABLE_CODE = YES;
				CLANG_WARN__DUPLICATE_METHOD_MATCH = YES;
				COPY_PHASE_STRIP = NO;
				DEBUG_INFORMATION_FORMAT = "dwarf-with-dsym";
				DEVELOPMENT_TEAM = MU83XD25F4;
				ENABLE_NS_ASSERTIONS = NO;
				ENABLE_STRICT_OBJC_MSGSEND = YES;
				ENABLE_USER_SCRIPT_SANDBOXING = YES;
				GCC_C_LANGUAGE_STANDARD = gnu17;
				GCC_NO_COMMON_BLOCKS = YES;
				GCC_WARN_64_TO_32_BIT_CONVERSION = YES;
				GCC_WARN_ABOUT_RETURN_TYPE = YES_ERROR;
				GCC_WARN_UNDECLARED_SELECTOR = YES;
				GCC_WARN_UNINITIALIZED_AUTOS = YES_AGGRESSIVE;
				GCC_WARN_UNUSED_FUNCTION = YES;
				GCC_WARN_UNUSED_VARIABLE = YES;
				IPHONEOS_DEPLOYMENT_TARGET = 26.2;
				LOCALIZATION_PREFERS_STRING_CATALOGS = YES;
				MTL_ENABLE_DEBUG_INFO = NO;
				MTL_FAST_MATH = YES;
				SDKROOT = iphoneos;
				STRING_CATALOG_GENERATE_SYMBOLS = YES;
				SWIFT_COMPILATION_MODE = wholemodule;
				SWIFT_EMIT_LOC_STRINGS = YES;
				VALIDATE_PRODUCT = YES;
			};
			name = Release;
		};
		BE059ABD2F0EA7F400A609D5 /* Debug */ = {
			isa = XCBuildConfiguration;
			buildSettings = {
				ASSETCATALOG_COMPILER_APPICON_NAME = AppIcon;
				ASSETCATALOG_COMPILER_GLOBAL_ACCENT_COLOR_NAME = AccentColor;
				ASSETCATALOG_COMPILER_INCLUDE_ALL_APPICON_ASSETS = NO;
				CODE_SIGN_ENTITLEMENTS = Fielmedina/Fielmedina.entitlements;
				CODE_SIGN_STYLE = Automatic;
				CURRENT_PROJECT_VERSION = 20;
				DEVELOPMENT_TEAM = MU83XD25F4;
				ENABLE_PREVIEWS = YES;
				GENERATE_INFOPLIST_FILE = YES;
				INFOPLIST_FILE = Fielmedina/Info.plist;
				INFOPLIST_KEY_CFBundleDisplayName = Fielmedina;
				INFOPLIST_KEY_LSApplicationCategoryType = "public.app-category.travel";
				INFOPLIST_KEY_NSLocationAlwaysAndWhenInUseUsageDescription = "We need your location to show nearby events even when the app is in the background.";
				INFOPLIST_KEY_NSLocationWhenInUseUsageDescription = "We need your location to show nearby events and directions on the map.";
				INFOPLIST_KEY_UIApplicationSceneManifest_Generation = YES;
				INFOPLIST_KEY_UIApplicationSupportsIndirectInputEvents = YES;
				INFOPLIST_KEY_UILaunchStoryboardName = "Launch Screen";
				INFOPLIST_KEY_UISupportedInterfaceOrientations_iPad = "UIInterfaceOrientationPortrait UIInterfaceOrientationPortraitUpsideDown UIInterfaceOrientationLandscapeLeft UIInterfaceOrientationLandscapeRight";
				INFOPLIST_KEY_UISupportedInterfaceOrientations_iPhone = "UIInterfaceOrientationPortrait UIInterfaceOrientationLandscapeLeft UIInterfaceOrientationLandscapeRight";
				IPHONEOS_DEPLOYMENT_TARGET = 18.6;
				LD_RUNPATH_SEARCH_PATHS = (
					"$(inherited)",
					"@executable_path/Frameworks",
				);
				MARKETING_VERSION = 2.0.5;
				PRODUCT_BUNDLE_IDENTIFIER = com.dacnis.Fielmedina;
				PRODUCT_NAME = "$(TARGET_NAME)";
				STRING_CATALOG_GENERATE_SYMBOLS = YES;
				SUPPORTED_PLATFORMS = "iphoneos iphonesimulator";
				SUPPORTS_MACCATALYST = NO;
				SUPPORTS_MAC_DESIGNED_FOR_IPHONE_IPAD = NO;
				SUPPORTS_XR_DESIGNED_FOR_IPHONE_IPAD = NO;
				SWIFT_APPROACHABLE_CONCURRENCY = YES;
				SWIFT_DEFAULT_ACTOR_ISOLATION = nonisolated;
				SWIFT_EMIT_LOC_STRINGS = YES;
				SWIFT_UPCOMING_FEATURE_MEMBER_IMPORT_VISIBILITY = YES;
				SWIFT_VERSION = 5.0;
				TARGETED_DEVICE_FAMILY = "1,2";
			};
			name = Debug;
		};
		BE059ABE2F0EA7F400A609D5 /* Release */ = {
			isa = XCBuildConfiguration;
			buildSettings = {
				ASSETCATALOG_COMPILER_APPICON_NAME = AppIcon;
				ASSETCATALOG_COMPILER_GLOBAL_ACCENT_COLOR_NAME = AccentColor;
				ASSETCATALOG_COMPILER_INCLUDE_ALL_APPICON_ASSETS = NO;
				CODE_SIGN_ENTITLEMENTS = Fielmedina/Fielmedina.entitlements;
				"CODE_SIGN_IDENTITY[sdk=iphoneos*]" = "iPhone Distribution";
				CODE_SIGN_STYLE = Manual;
				CURRENT_PROJECT_VERSION = 20;
				DEVELOPMENT_TEAM = "";
				"DEVELOPMENT_TEAM[sdk=iphoneos*]" = MU83XD25F4;
				ENABLE_PREVIEWS = YES;
				GENERATE_INFOPLIST_FILE = YES;
				INFOPLIST_FILE = Fielmedina/Info.plist;
				INFOPLIST_KEY_CFBundleDisplayName = Fielmedina;
				INFOPLIST_KEY_LSApplicationCategoryType = "public.app-category.travel";
				INFOPLIST_KEY_NSLocationAlwaysAndWhenInUseUsageDescription = "We need your location to show nearby events even when the app is in the background.";
				INFOPLIST_KEY_NSLocationWhenInUseUsageDescription = "We need your location to show nearby events and directions on the map.";
				INFOPLIST_KEY_UIApplicationSceneManifest_Generation = YES;
				INFOPLIST_KEY_UIApplicationSupportsIndirectInputEvents = YES;
				INFOPLIST_KEY_UILaunchStoryboardName = "Launch Screen";
				INFOPLIST_KEY_UISupportedInterfaceOrientations_iPad = "UIInterfaceOrientationPortrait UIInterfaceOrientationPortraitUpsideDown UIInterfaceOrientationLandscapeLeft UIInterfaceOrientationLandscapeRight";
				INFOPLIST_KEY_UISupportedInterfaceOrientations_iPhone = "UIInterfaceOrientationPortrait UIInterfaceOrientationLandscapeLeft UIInterfaceOrientationLandscapeRight";
				IPHONEOS_DEPLOYMENT_TARGET = 18.6;
				LD_RUNPATH_SEARCH_PATHS = (
					"$(inherited)",
					"@executable_path/Frameworks",
				);
				MARKETING_VERSION = 2.0.5;
				PRODUCT_BUNDLE_IDENTIFIER = com.dacnis.Fielmedina;
				PRODUCT_NAME = "$(TARGET_NAME)";
				PROVISIONING_PROFILE_SPECIFIER = "";
				"PROVISIONING_PROFILE_SPECIFIER[sdk=iphoneos*]" = "Fielmedina-prod";
				STRING_CATALOG_GENERATE_SYMBOLS = YES;
				SUPPORTED_PLATFORMS = "iphoneos iphonesimulator";
				SUPPORTS_MACCATALYST = NO;
				SUPPORTS_MAC_DESIGNED_FOR_IPHONE_IPAD = NO;
				SUPPORTS_XR_DESIGNED_FOR_IPHONE_IPAD = NO;
				SWIFT_APPROACHABLE_CONCURRENCY = YES;
				SWIFT_DEFAULT_ACTOR_ISOLATION = nonisolated;
				SWIFT_EMIT_LOC_STRINGS = YES;
				SWIFT_UPCOMING_FEATURE_MEMBER_IMPORT_VISIBILITY = YES;
				SWIFT_VERSION = 5.0;
				TARGETED_DEVICE_FAMILY = "1,2";
			};
			name = Release;
		};
		BE059AC02F0EA7F400A609D5 /* Debug */ = {
			isa = XCBuildConfiguration;
			buildSettings = {
				BUNDLE_LOADER = "$(TEST_HOST)";
				CODE_SIGN_STYLE = Automatic;
				CURRENT_PROJECT_VERSION = 1;
				DEVELOPMENT_TEAM = MU83XD25F4;
				GENERATE_INFOPLIST_FILE = YES;
				IPHONEOS_DEPLOYMENT_TARGET = 26.2;
				MARKETING_VERSION = 1.0;
				PRODUCT_BUNDLE_IDENTIFIER = com.dacnis.FielmedinaTests;
				PRODUCT_NAME = "$(TARGET_NAME)";
				STRING_CATALOG_GENERATE_SYMBOLS = NO;
				SWIFT_APPROACHABLE_CONCURRENCY = YES;
				SWIFT_EMIT_LOC_STRINGS = NO;
				SWIFT_UPCOMING_FEATURE_MEMBER_IMPORT_VISIBILITY = YES;
				SWIFT_VERSION = 5.0;
				TARGETED_DEVICE_FAMILY = "1,2";
				TEST_HOST = "$(BUILT_PRODUCTS_DIR)/Fielmedina.app/$(BUNDLE_EXECUTABLE_FOLDER_PATH)/Fielmedina";
			};
			name = Debug;
		};
		BE059AC12F0EA7F400A609D5 /* Release */ = {
			isa = XCBuildConfiguration;
			buildSettings = {
				BUNDLE_LOADER = "$(TEST_HOST)";
				CODE_SIGN_STYLE = Automatic;
				CURRENT_PROJECT_VERSION = 1;
				DEVELOPMENT_TEAM = MU83XD25F4;
				GENERATE_INFOPLIST_FILE = YES;
				IPHONEOS_DEPLOYMENT_TARGET = 26.2;
				MARKETING_VERSION = 1.0;
				PRODUCT_BUNDLE_IDENTIFIER = com.dacnis.FielmedinaTests;
				PRODUCT_NAME = "$(TARGET_NAME)";
				STRING_CATALOG_GENERATE_SYMBOLS = NO;
				SWIFT_APPROACHABLE_CONCURRENCY = YES;
				SWIFT_EMIT_LOC_STRINGS = NO;
				SWIFT_UPCOMING_FEATURE_MEMBER_IMPORT_VISIBILITY = YES;
				SWIFT_VERSION = 5.0;
				TARGETED_DEVICE_FAMILY = "1,2";
				TEST_HOST = "$(BUILT_PRODUCTS_DIR)/Fielmedina.app/$(BUNDLE_EXECUTABLE_FOLDER_PATH)/Fielmedina";
			};
			name = Release;
		};
		BE059AC32F0EA7F400A609D5 /* Debug */ = {
			isa = XCBuildConfiguration;
			buildSettings = {
				CODE_SIGN_STYLE = Automatic;
				CURRENT_PROJECT_VERSION = 1;
				DEVELOPMENT_TEAM = MU83XD25F4;
				GENERATE_INFOPLIST_FILE = YES;
				MARKETING_VERSION = 1.0;
				PRODUCT_BUNDLE_IDENTIFIER = com.dacnis.FielmedinaUITests;
				PRODUCT_NAME = "$(TARGET_NAME)";
				STRING_CATALOG_GENERATE_SYMBOLS = NO;
				SWIFT_APPROACHABLE_CONCURRENCY = YES;
				SWIFT_EMIT_LOC_STRINGS = NO;
				SWIFT_UPCOMING_FEATURE_MEMBER_IMPORT_VISIBILITY = YES;
				SWIFT_VERSION = 5.0;
				TARGETED_DEVICE_FAMILY = "1,2";
				TEST_TARGET_NAME = Fielmedina;
			};
			name = Debug;
		};
		BE059AC42F0EA7F400A609D5 /* Release */ = {
			isa = XCBuildConfiguration;
			buildSettings = {
				CODE_SIGN_STYLE = Automatic;
				CURRENT_PROJECT_VERSION = 1;
				DEVELOPMENT_TEAM = MU83XD25F4;
				GENERATE_INFOPLIST_FILE = YES;
				MARKETING_VERSION = 1.0;
				PRODUCT_BUNDLE_IDENTIFIER = com.dacnis.FielmedinaUITests;
				PRODUCT_NAME = "$(TARGET_NAME)";
				STRING_CATALOG_GENERATE_SYMBOLS = NO;
				SWIFT_APPROACHABLE_CONCURRENCY = YES;
				SWIFT_EMIT_LOC_STRINGS = NO;
				SWIFT_UPCOMING_FEATURE_MEMBER_IMPORT_VISIBILITY = YES;
				SWIFT_VERSION = 5.0;
				TARGETED_DEVICE_FAMILY = "1,2";
				TEST_TARGET_NAME = Fielmedina;
			};
			name = Release;
		};
/* End XCBuildConfiguration section */

/* Begin XCConfigurationList section */
		BE059A942F0EA7EF00A609D5 /* Build configuration list for PBXProject "Fielmedina" */ = {
			isa = XCConfigurationList;
			buildConfigurations = (
				BE059ABA2F0EA7F400A609D5 /* Debug */,
				BE059ABB2F0EA7F400A609D5 /* Release */,
			);
			defaultConfigurationIsVisible = 0;
			defaultConfigurationName = Release;
		};
		BE059ABC2F0EA7F400A609D5 /* Build configuration list for PBXNativeTarget "Fielmedina" */ = {
			isa = XCConfigurationList;
			buildConfigurations = (
				BE059ABD2F0EA7F400A609D5 /* Debug */,
				BE059ABE2F0EA7F400A609D5 /* Release */,
			);
			defaultConfigurationIsVisible = 0;
			defaultConfigurationName = Release;
		};
		BE059ABF2F0EA7F400A609D5 /* Build configuration list for PBXNativeTarget "FielmedinaTests" */ = {
			isa = XCConfigurationList;
			buildConfigurations = (
				BE059AC02F0EA7F400A609D5 /* Debug */,
				BE059AC12F0EA7F400A609D5 /* Release */,
			);
			defaultConfigurationIsVisible = 0;
			defaultConfigurationName = Release;
		};
		BE059AC22F0EA7F400A609D5 /* Build configuration list for PBXNativeTarget "FielmedinaUITests" */ = {
			isa = XCConfigurationList;
			buildConfigurations = (
				BE059AC32F0EA7F400A609D5 /* Debug */,
				BE059AC42F0EA7F400A609D5 /* Release */,
			);
			defaultConfigurationIsVisible = 0;
			defaultConfigurationName = Release;
		};
/* End XCConfigurationList section */

/* Begin XCRemoteSwiftPackageReference section */
		BECD93312F0FBB2800462C35 /* XCRemoteSwiftPackageReference "firebase-ios-sdk" */ = {
			isa = XCRemoteSwiftPackageReference;
			repositoryURL = "https://github.com/firebase/firebase-ios-sdk";
			requirement = {
				kind = upToNextMajorVersion;
				minimumVersion = 12.7.0;
			};
		};
		BECD93382F0FBC3600462C35 /* XCRemoteSwiftPackageReference "facebook-ios-sdk" */ = {
			isa = XCRemoteSwiftPackageReference;
			repositoryURL = "https://github.com/facebook/facebook-ios-sdk";
			requirement = {
				kind = upToNextMajorVersion;
				minimumVersion = 14.1.0;
			};
		};
		BECD933B2F0FC35300462C35 /* XCRemoteSwiftPackageReference "apollo-ios" */ = {
			isa = XCRemoteSwiftPackageReference;
			repositoryURL = "https://github.com/apollographql/apollo-ios.git";
			requirement = {
				kind = upToNextMajorVersion;
				minimumVersion = 2.0.4;
			};
		};
		BECD93402F0FCE4B00462C35 /* XCRemoteSwiftPackageReference "mapbox-navigation-ios" */ = {
			isa = XCRemoteSwiftPackageReference;
			repositoryURL = "https://github.com/mapbox/mapbox-navigation-ios.git";
			requirement = {
				kind = upToNextMajorVersion;
				minimumVersion = 3.17.0;
			};
		};
/* End XCRemoteSwiftPackageReference section */

/* Begin XCSwiftPackageProductDependency section */
		BECD93322F0FBB2800462C35 /* FirebaseAnalytics */ = {
			isa = XCSwiftPackageProductDependency;
			package = BECD93312F0FBB2800462C35 /* XCRemoteSwiftPackageReference "firebase-ios-sdk" */;
			productName = FirebaseAnalytics;
		};
		BECD93342F0FBB2800462C35 /* FirebaseCrashlytics */ = {
			isa = XCSwiftPackageProductDependency;
			package = BECD93312F0FBB2800462C35 /* XCRemoteSwiftPackageReference "firebase-ios-sdk" */;
			productName = FirebaseCrashlytics;
		};
		BECD93362F0FBB2800462C35 /* FirebaseMessaging */ = {
			isa = XCSwiftPackageProductDependency;
			package = BECD93312F0FBB2800462C35 /* XCRemoteSwiftPackageReference "firebase-ios-sdk" */;
			productName = FirebaseMessaging;
		};
		BECD93392F0FBC3600462C35 /* FacebookCore */ = {
			isa = XCSwiftPackageProductDependency;
			package = BECD93382F0FBC3600462C35 /* XCRemoteSwiftPackageReference "facebook-ios-sdk" */;
			productName = FacebookCore;
		};
		BECD933C2F0FC35300462C35 /* Apollo */ = {
			isa = XCSwiftPackageProductDependency;
			package = BECD933B2F0FC35300462C35 /* XCRemoteSwiftPackageReference "apollo-ios" */;
			productName = Apollo;
		};
		BECD933E2F0FC35300462C35 /* ApolloSQLite */ = {
			isa = XCSwiftPackageProductDependency;
			package = BECD933B2F0FC35300462C35 /* XCRemoteSwiftPackageReference "apollo-ios" */;
			productName = ApolloSQLite;
		};
		BECD93412F0FCE4B00462C35 /* MapboxDirections */ = {
			isa = XCSwiftPackageProductDependency;
			package = BECD93402F0FCE4B00462C35 /* XCRemoteSwiftPackageReference "mapbox-navigation-ios" */;
			productName = MapboxDirections;
		};
		BECD93432F0FCE4B00462C35 /* MapboxNavigationCore */ = {
			isa = XCSwiftPackageProductDependency;
			package = BECD93402F0FCE4B00462C35 /* XCRemoteSwiftPackageReference "mapbox-navigation-ios" */;
			productName = MapboxNavigationCore;
		};
		BECD93452F0FCE4B00462C35 /* MapboxNavigationUIKit */ = {
			isa = XCSwiftPackageProductDependency;
			package = BECD93402F0FCE4B00462C35 /* XCRemoteSwiftPackageReference "mapbox-navigation-ios" */;
			productName = MapboxNavigationUIKit;
		};
		BECD93472F0FCE4B00462C35 /* _MapboxNavigationLocalization */ = {
			isa = XCSwiftPackageProductDependency;
			package = BECD93402F0FCE4B00462C35 /* XCRemoteSwiftPackageReference "mapbox-navigation-ios" */;
			productName = _MapboxNavigationLocalization;
		};
		BECD934E2F0FECE500462C35 /* FirebaseRemoteConfig */ = {
			isa = XCSwiftPackageProductDependency;
			package = BECD93312F0FBB2800462C35 /* XCRemoteSwiftPackageReference "firebase-ios-sdk" */;
			productName = FirebaseRemoteConfig;
		};
		BEFDABA62F1A3C0F006972D4 /* ApolloWebSocket */ = {
			isa = XCSwiftPackageProductDependency;
			package = BECD933B2F0FC35300462C35 /* XCRemoteSwiftPackageReference "apollo-ios" */;
			productName = ApolloWebSocket;
		};
/* End XCSwiftPackageProductDependency section */
	};
	rootObject = BE059A912F0EA7EF00A609D5 /* Project object */;
}
